PODS:
  - "@react-native-mapbox-gl-mapbox-static (5.8.0)"
  - boost-for-react-native (1.63.0)
  - BVLinearGradient (2.5.6):
    - React
  - CocoaAsyncSocket (7.6.4)
  - CocoaLibEvent (1.0.0)
  - DoubleConversion (1.1.6)
  - FBLazyVector (1000.0.0)
  - FBReactNativeSpec (1000.0.0):
    - RCT-Folly (= 2020.01.13.00)
    - RCTRequired (= 1000.0.0)
    - RCTTypeSafety (= 1000.0.0)
    - React-Core (= 1000.0.0)
    - React-jsi (= 1000.0.0)
    - ReactCommon/turbomodule/core (= 1000.0.0)
  - Flipper (0.54.0):
    - Flipper-Folly (~> 2.2)
    - Flipper-RSocket (~> 1.1)
  - Flipper-DoubleConversion (1.1.7)
  - Flipper-Folly (2.2.0):
    - boost-for-react-native
    - CocoaLibEvent (~> 1.0)
    - Flipper-DoubleConversion
    - Flipper-Glog
    - OpenSSL-Universal (= 1.0.2.19)
  - Flipper-Glog (0.3.6)
  - Flipper-PeerTalk (0.0.4)
  - Flipper-RSocket (1.1.0):
    - Flipper-Folly (~> 2.2)
  - FlipperKit (0.54.0):
    - FlipperKit/Core (= 0.54.0)
  - FlipperKit/Core (0.54.0):
    - Flipper (~> 0.54.0)
    - FlipperKit/CppBridge
    - FlipperKit/FBCxxFollyDynamicConvert
    - FlipperKit/FBDefines
    - FlipperKit/FKPortForwarding
  - FlipperKit/CppBridge (0.54.0):
    - Flipper (~> 0.54.0)
  - FlipperKit/FBCxxFollyDynamicConvert (0.54.0):
    - Flipper-Folly (~> 2.2)
  - FlipperKit/FBDefines (0.54.0)
  - FlipperKit/FKPortForwarding (0.54.0):
    - CocoaAsyncSocket (~> 7.6)
    - Flipper-PeerTalk (~> 0.0.4)
  - FlipperKit/FlipperKitHighlightOverlay (0.54.0)
  - FlipperKit/FlipperKitLayoutPlugin (0.54.0):
    - FlipperKit/Core
    - FlipperKit/FlipperKitHighlightOverlay
    - FlipperKit/FlipperKitLayoutTextSearchable
    - YogaKit (~> 1.18)
  - FlipperKit/FlipperKitLayoutTextSearchable (0.54.0)
  - FlipperKit/FlipperKitNetworkPlugin (0.54.0):
    - FlipperKit/Core
  - FlipperKit/FlipperKitReactPlugin (0.54.0):
    - FlipperKit/Core
  - FlipperKit/FlipperKitUserDefaultsPlugin (0.54.0):
    - FlipperKit/Core
  - FlipperKit/SKIOSNetworkPlugin (0.54.0):
    - FlipperKit/Core
    - FlipperKit/FlipperKitNetworkPlugin
  - glog (0.3.5)
  - Mapbox-iOS-SDK (5.9.0):
    - MapboxMobileEvents (= 0.10.2)
  - MapboxMobileEvents (0.10.2)
  - OpenSSL-Universal (1.0.2.19):
    - OpenSSL-Universal/Static (= 1.0.2.19)
  - OpenSSL-Universal/Static (1.0.2.19)
  - RCT-Folly (2020.01.13.00):
    - boost-for-react-native
    - DoubleConversion
    - glog
    - RCT-Folly/Default (= 2020.01.13.00)
  - RCT-Folly/Default (2020.01.13.00):
    - boost-for-react-native
    - DoubleConversion
    - glog
  - RCTRequired (1000.0.0)
  - RCTTypeSafety (1000.0.0):
    - FBLazyVector (= 1000.0.0)
    - RCT-Folly (= 2020.01.13.00)
    - RCTRequired (= 1000.0.0)
    - React-Core (= 1000.0.0)
  - React (1000.0.0):
    - React-Core (= 1000.0.0)
    - React-Core/DevSupport (= 1000.0.0)
    - React-Core/RCTWebSocket (= 1000.0.0)
    - React-RCTActionSheet (= 1000.0.0)
    - React-RCTAnimation (= 1000.0.0)
    - React-RCTBlob (= 1000.0.0)
    - React-RCTImage (= 1000.0.0)
    - React-RCTLinking (= 1000.0.0)
    - React-RCTNetwork (= 1000.0.0)
    - React-RCTSettings (= 1000.0.0)
    - React-RCTText (= 1000.0.0)
    - React-RCTVibration (= 1000.0.0)
  - React-callinvoker (1000.0.0)
  - React-Core (1000.0.0):
    - glog
    - RCT-Folly (= 2020.01.13.00)
    - React-Core/Default (= 1000.0.0)
    - React-cxxreact (= 1000.0.0)
    - React-jsi (= 1000.0.0)
    - React-jsiexecutor (= 1000.0.0)
    - React-perflogger (= 1000.0.0)
    - Yoga
  - React-Core/CoreModulesHeaders (1000.0.0):
    - glog
    - RCT-Folly (= 2020.01.13.00)
    - React-Core/Default
    - React-cxxreact (= 1000.0.0)
    - React-jsi (= 1000.0.0)
    - React-jsiexecutor (= 1000.0.0)
    - React-perflogger (= 1000.0.0)
    - Yoga
  - React-Core/Default (1000.0.0):
    - glog
    - RCT-Folly (= 2020.01.13.00)
    - React-cxxreact (= 1000.0.0)
    - React-jsi (= 1000.0.0)
    - React-jsiexecutor (= 1000.0.0)
    - React-perflogger (= 1000.0.0)
    - Yoga
  - React-Core/DevSupport (1000.0.0):
    - glog
    - RCT-Folly (= 2020.01.13.00)
    - React-Core/Default (= 1000.0.0)
    - React-Core/RCTWebSocket (= 1000.0.0)
    - React-cxxreact (= 1000.0.0)
    - React-jsi (= 1000.0.0)
    - React-jsiexecutor (= 1000.0.0)
    - React-jsinspector (= 1000.0.0)
    - React-perflogger (= 1000.0.0)
    - Yoga
  - React-Core/RCTActionSheetHeaders (1000.0.0):
    - glog
    - RCT-Folly (= 2020.01.13.00)
    - React-Core/Default
    - React-cxxreact (= 1000.0.0)
    - React-jsi (= 1000.0.0)
    - React-jsiexecutor (= 1000.0.0)
    - React-perflogger (= 1000.0.0)
    - Yoga
  - React-Core/RCTAnimationHeaders (1000.0.0):
    - glog
    - RCT-Folly (= 2020.01.13.00)
    - React-Core/Default
    - React-cxxreact (= 1000.0.0)
    - React-jsi (= 1000.0.0)
    - React-jsiexecutor (= 1000.0.0)
    - React-perflogger (= 1000.0.0)
    - Yoga
  - React-Core/RCTBlobHeaders (1000.0.0):
    - glog
    - RCT-Folly (= 2020.01.13.00)
    - React-Core/Default
    - React-cxxreact (= 1000.0.0)
    - React-jsi (= 1000.0.0)
    - React-jsiexecutor (= 1000.0.0)
    - React-perflogger (= 1000.0.0)
    - Yoga
  - React-Core/RCTImageHeaders (1000.0.0):
    - glog
    - RCT-Folly (= 2020.01.13.00)
    - React-Core/Default
    - React-cxxreact (= 1000.0.0)
    - React-jsi (= 1000.0.0)
    - React-jsiexecutor (= 1000.0.0)
    - React-perflogger (= 1000.0.0)
    - Yoga
  - React-Core/RCTLinkingHeaders (1000.0.0):
    - glog
    - RCT-Folly (= 2020.01.13.00)
    - React-Core/Default
    - React-cxxreact (= 1000.0.0)
    - React-jsi (= 1000.0.0)
    - React-jsiexecutor (= 1000.0.0)
    - React-perflogger (= 1000.0.0)
    - Yoga
  - React-Core/RCTNetworkHeaders (1000.0.0):
    - glog
    - RCT-Folly (= 2020.01.13.00)
    - React-Core/Default
    - React-cxxreact (= 1000.0.0)
    - React-jsi (= 1000.0.0)
    - React-jsiexecutor (= 1000.0.0)
    - React-perflogger (= 1000.0.0)
    - Yoga
  - React-Core/RCTSettingsHeaders (1000.0.0):
    - glog
    - RCT-Folly (= 2020.01.13.00)
    - React-Core/Default
    - React-cxxreact (= 1000.0.0)
    - React-jsi (= 1000.0.0)
    - React-jsiexecutor (= 1000.0.0)
    - React-perflogger (= 1000.0.0)
    - Yoga
  - React-Core/RCTTextHeaders (1000.0.0):
    - glog
    - RCT-Folly (= 2020.01.13.00)
    - React-Core/Default
    - React-cxxreact (= 1000.0.0)
    - React-jsi (= 1000.0.0)
    - React-jsiexecutor (= 1000.0.0)
    - React-perflogger (= 1000.0.0)
    - Yoga
  - React-Core/RCTVibrationHeaders (1000.0.0):
    - glog
    - RCT-Folly (= 2020.01.13.00)
    - React-Core/Default
    - React-cxxreact (= 1000.0.0)
    - React-jsi (= 1000.0.0)
    - React-jsiexecutor (= 1000.0.0)
    - React-perflogger (= 1000.0.0)
    - Yoga
  - React-Core/RCTWebSocket (1000.0.0):
    - glog
    - RCT-Folly (= 2020.01.13.00)
    - React-Core/Default (= 1000.0.0)
    - React-cxxreact (= 1000.0.0)
    - React-jsi (= 1000.0.0)
    - React-jsiexecutor (= 1000.0.0)
    - React-perflogger (= 1000.0.0)
    - Yoga
  - React-CoreModules (1000.0.0):
    - FBReactNativeSpec (= 1000.0.0)
    - RCT-Folly (= 2020.01.13.00)
    - RCTTypeSafety (= 1000.0.0)
    - React-Core/CoreModulesHeaders (= 1000.0.0)
    - React-jsi (= 1000.0.0)
    - React-RCTImage (= 1000.0.0)
    - ReactCommon/turbomodule/core (= 1000.0.0)
  - React-cxxreact (1000.0.0):
    - boost-for-react-native (= 1.63.0)
    - DoubleConversion
    - glog
    - RCT-Folly (= 2020.01.13.00)
    - React-callinvoker (= 1000.0.0)
    - React-jsi (= 1000.0.0)
    - React-jsinspector (= 1000.0.0)
    - React-perflogger (= 1000.0.0)
    - React-runtimeexecutor (= 1000.0.0)
  - React-jsi (1000.0.0):
    - boost-for-react-native (= 1.63.0)
    - DoubleConversion
    - glog
    - RCT-Folly (= 2020.01.13.00)
    - React-jsi/Default (= 1000.0.0)
  - React-jsi/Default (1000.0.0):
    - boost-for-react-native (= 1.63.0)
    - DoubleConversion
    - glog
    - RCT-Folly (= 2020.01.13.00)
  - React-jsiexecutor (1000.0.0):
    - DoubleConversion
    - glog
    - RCT-Folly (= 2020.01.13.00)
    - React-cxxreact (= 1000.0.0)
    - React-jsi (= 1000.0.0)
    - React-perflogger (= 1000.0.0)
  - React-jsinspector (1000.0.0)
  - react-native-geolocation (2.0.2):
    - React
  - react-native-mapbox-gl (8.1.0-rc.4):
    - "@react-native-mapbox-gl-mapbox-static (~> 5.8)"
    - Mapbox-iOS-SDK (~> 5.8)
    - React
    - react-native-mapbox-gl/DynamicLibrary (= 8.1.0-rc.4)
    - react-native-mapbox-gl/StaticLibraryFixer (= 8.1.0-rc.4)
  - react-native-mapbox-gl/DynamicLibrary (8.1.0-rc.4):
    - "@react-native-mapbox-gl-mapbox-static (~> 5.8)"
    - Mapbox-iOS-SDK (~> 5.8)
    - React
  - react-native-mapbox-gl/StaticLibraryFixer (8.1.0-rc.4):
    - "@react-native-mapbox-gl-mapbox-static (~> 5.8)"
    - Mapbox-iOS-SDK (~> 5.8)
    - React
  - react-native-sensitive-info (6.0.0-alpha.6):
    - React
  - react-native-view-shot (3.1.2):
    - React
  - React-perflogger (1000.0.0)
  - React-RCTActionSheet (1000.0.0):
    - React-Core/RCTActionSheetHeaders (= 1000.0.0)
  - React-RCTAnimation (1000.0.0):
    - FBReactNativeSpec (= 1000.0.0)
    - RCT-Folly (= 2020.01.13.00)
    - RCTTypeSafety (= 1000.0.0)
    - React-Core/RCTAnimationHeaders (= 1000.0.0)
    - React-jsi (= 1000.0.0)
    - ReactCommon/turbomodule/core (= 1000.0.0)
  - React-RCTBlob (1000.0.0):
    - FBReactNativeSpec (= 1000.0.0)
    - RCT-Folly (= 2020.01.13.00)
    - React-Core/RCTBlobHeaders (= 1000.0.0)
    - React-Core/RCTWebSocket (= 1000.0.0)
    - React-jsi (= 1000.0.0)
    - React-RCTNetwork (= 1000.0.0)
    - ReactCommon/turbomodule/core (= 1000.0.0)
  - React-RCTImage (1000.0.0):
    - FBReactNativeSpec (= 1000.0.0)
    - RCT-Folly (= 2020.01.13.00)
    - RCTTypeSafety (= 1000.0.0)
    - React-Core/RCTImageHeaders (= 1000.0.0)
    - React-jsi (= 1000.0.0)
    - React-RCTNetwork (= 1000.0.0)
    - ReactCommon/turbomodule/core (= 1000.0.0)
  - React-RCTLinking (1000.0.0):
    - FBReactNativeSpec (= 1000.0.0)
    - React-Core/RCTLinkingHeaders (= 1000.0.0)
    - React-jsi (= 1000.0.0)
    - ReactCommon/turbomodule/core (= 1000.0.0)
  - React-RCTNetwork (1000.0.0):
    - FBReactNativeSpec (= 1000.0.0)
    - RCT-Folly (= 2020.01.13.00)
    - RCTTypeSafety (= 1000.0.0)
    - React-Core/RCTNetworkHeaders (= 1000.0.0)
    - React-jsi (= 1000.0.0)
    - ReactCommon/turbomodule/core (= 1000.0.0)
  - React-RCTSettings (1000.0.0):
    - FBReactNativeSpec (= 1000.0.0)
    - RCT-Folly (= 2020.01.13.00)
    - RCTTypeSafety (= 1000.0.0)
    - React-Core/RCTSettingsHeaders (= 1000.0.0)
    - React-jsi (= 1000.0.0)
    - ReactCommon/turbomodule/core (= 1000.0.0)
  - React-RCTText (1000.0.0):
    - React-Core/RCTTextHeaders (= 1000.0.0)
  - React-RCTVibration (1000.0.0):
    - FBReactNativeSpec (= 1000.0.0)
    - RCT-Folly (= 2020.01.13.00)
    - React-Core/RCTVibrationHeaders (= 1000.0.0)
    - React-jsi (= 1000.0.0)
    - ReactCommon/turbomodule/core (= 1000.0.0)
  - React-runtimeexecutor (1000.0.0):
    - React-jsi (= 1000.0.0)
  - ReactCommon/turbomodule/core (1000.0.0):
    - DoubleConversion
    - glog
    - RCT-Folly (= 2020.01.13.00)
    - React-callinvoker (= 1000.0.0)
    - React-Core (= 1000.0.0)
    - React-cxxreact (= 1000.0.0)
    - React-jsi (= 1000.0.0)
    - React-perflogger (= 1000.0.0)
  - RNGestureHandler (1.8.0):
    - React
  - RNKeychain (6.2.0):
    - React
  - RNReanimated (1.13.1):
    - React
  - RNVectorIcons (7.1.0):
    - React
  - Yoga (1.14.0)
  - YogaKit (1.18.1):
    - Yoga (~> 1.14)

DEPENDENCIES:
  - BVLinearGradient (from `../node_modules/react-native-linear-gradient`)
  - DoubleConversion (from `../node_modules/react-native/third-party-podspecs/DoubleConversion.podspec`)
  - FBLazyVector (from `../node_modules/react-native/Libraries/FBLazyVector`)
  - FBReactNativeSpec (from `../node_modules/react-native/Libraries/FBReactNativeSpec`)
  - Flipper (~> 0.54.0)
  - Flipper-DoubleConversion (= 1.1.7)
  - Flipper-Folly (~> 2.2)
  - Flipper-Glog (= 0.3.6)
  - Flipper-PeerTalk (~> 0.0.4)
  - Flipper-RSocket (~> 1.1)
  - FlipperKit (~> 0.54.0)
  - FlipperKit/Core (~> 0.54.0)
  - FlipperKit/CppBridge (~> 0.54.0)
  - FlipperKit/FBCxxFollyDynamicConvert (~> 0.54.0)
  - FlipperKit/FBDefines (~> 0.54.0)
  - FlipperKit/FKPortForwarding (~> 0.54.0)
  - FlipperKit/FlipperKitHighlightOverlay (~> 0.54.0)
  - FlipperKit/FlipperKitLayoutPlugin (~> 0.54.0)
  - FlipperKit/FlipperKitLayoutTextSearchable (~> 0.54.0)
  - FlipperKit/FlipperKitNetworkPlugin (~> 0.54.0)
  - FlipperKit/FlipperKitReactPlugin (~> 0.54.0)
  - FlipperKit/FlipperKitUserDefaultsPlugin (~> 0.54.0)
  - FlipperKit/SKIOSNetworkPlugin (~> 0.54.0)
  - glog (from `../node_modules/react-native/third-party-podspecs/glog.podspec`)
  - RCT-Folly (from `../node_modules/react-native/third-party-podspecs/RCT-Folly.podspec`)
  - RCTRequired (from `../node_modules/react-native/Libraries/RCTRequired`)
  - RCTTypeSafety (from `../node_modules/react-native/Libraries/TypeSafety`)
  - React (from `../node_modules/react-native/`)
  - React-callinvoker (from `../node_modules/react-native/ReactCommon/callinvoker`)
  - React-Core (from `../node_modules/react-native/`)
  - React-Core/DevSupport (from `../node_modules/react-native/`)
  - React-Core/RCTWebSocket (from `../node_modules/react-native/`)
  - React-CoreModules (from `../node_modules/react-native/React/CoreModules`)
  - React-cxxreact (from `../node_modules/react-native/ReactCommon/cxxreact`)
  - React-jsi (from `../node_modules/react-native/ReactCommon/jsi`)
  - React-jsiexecutor (from `../node_modules/react-native/ReactCommon/jsiexecutor`)
  - React-jsinspector (from `../node_modules/react-native/ReactCommon/jsinspector`)
  - "react-native-geolocation (from `../node_modules/@react-native-community/geolocation`)"
  - "react-native-mapbox-gl (from `../node_modules/@react-native-mapbox-gl/maps`)"
  - react-native-sensitive-info (from `../node_modules/react-native-sensitive-info`)
  - react-native-view-shot (from `../node_modules/react-native-view-shot`)
  - React-perflogger (from `../node_modules/react-native/ReactCommon/reactperflogger`)
  - React-RCTActionSheet (from `../node_modules/react-native/Libraries/ActionSheetIOS`)
  - React-RCTAnimation (from `../node_modules/react-native/Libraries/NativeAnimation`)
  - React-RCTBlob (from `../node_modules/react-native/Libraries/Blob`)
  - React-RCTImage (from `../node_modules/react-native/Libraries/Image`)
  - React-RCTLinking (from `../node_modules/react-native/Libraries/LinkingIOS`)
  - React-RCTNetwork (from `../node_modules/react-native/Libraries/Network`)
  - React-RCTSettings (from `../node_modules/react-native/Libraries/Settings`)
  - React-RCTText (from `../node_modules/react-native/Libraries/Text`)
  - React-RCTVibration (from `../node_modules/react-native/Libraries/Vibration`)
  - React-runtimeexecutor (from `../node_modules/react-native/ReactCommon/runtimeexecutor`)
  - ReactCommon/turbomodule/core (from `../node_modules/react-native/ReactCommon`)
  - RNGestureHandler (from `../node_modules/react-native-gesture-handler`)
  - RNKeychain (from `../node_modules/react-native-keychain`)
  - RNReanimated (from `../node_modules/react-native-reanimated`)
  - RNVectorIcons (from `../node_modules/react-native-vector-icons`)
  - Yoga (from `../node_modules/react-native/ReactCommon/yoga`)

SPEC REPOS:
  trunk:
    - "@react-native-mapbox-gl-mapbox-static"
    - boost-for-react-native
    - CocoaAsyncSocket
    - CocoaLibEvent
    - Flipper
    - Flipper-DoubleConversion
    - Flipper-Folly
    - Flipper-Glog
    - Flipper-PeerTalk
    - Flipper-RSocket
    - FlipperKit
    - Mapbox-iOS-SDK
    - MapboxMobileEvents
    - OpenSSL-Universal
    - YogaKit

EXTERNAL SOURCES:
  BVLinearGradient:
    :path: "../node_modules/react-native-linear-gradient"
  DoubleConversion:
    :podspec: "../node_modules/react-native/third-party-podspecs/DoubleConversion.podspec"
  FBLazyVector:
    :path: "../node_modules/react-native/Libraries/FBLazyVector"
  FBReactNativeSpec:
    :path: "../node_modules/react-native/Libraries/FBReactNativeSpec"
  glog:
    :podspec: "../node_modules/react-native/third-party-podspecs/glog.podspec"
  RCT-Folly:
    :podspec: "../node_modules/react-native/third-party-podspecs/RCT-Folly.podspec"
  RCTRequired:
    :path: "../node_modules/react-native/Libraries/RCTRequired"
  RCTTypeSafety:
    :path: "../node_modules/react-native/Libraries/TypeSafety"
  React:
    :path: "../node_modules/react-native/"
  React-callinvoker:
    :path: "../node_modules/react-native/ReactCommon/callinvoker"
  React-Core:
    :path: "../node_modules/react-native/"
  React-CoreModules:
    :path: "../node_modules/react-native/React/CoreModules"
  React-cxxreact:
    :path: "../node_modules/react-native/ReactCommon/cxxreact"
  React-jsi:
    :path: "../node_modules/react-native/ReactCommon/jsi"
  React-jsiexecutor:
    :path: "../node_modules/react-native/ReactCommon/jsiexecutor"
  React-jsinspector:
    :path: "../node_modules/react-native/ReactCommon/jsinspector"
  react-native-geolocation:
    :path: "../node_modules/@react-native-community/geolocation"
  react-native-mapbox-gl:
    :path: "../node_modules/@react-native-mapbox-gl/maps"
  react-native-sensitive-info:
    :path: "../node_modules/react-native-sensitive-info"
  react-native-view-shot:
    :path: "../node_modules/react-native-view-shot"
  React-perflogger:
    :path: "../node_modules/react-native/ReactCommon/reactperflogger"
  React-RCTActionSheet:
    :path: "../node_modules/react-native/Libraries/ActionSheetIOS"
  React-RCTAnimation:
    :path: "../node_modules/react-native/Libraries/NativeAnimation"
  React-RCTBlob:
    :path: "../node_modules/react-native/Libraries/Blob"
  React-RCTImage:
    :path: "../node_modules/react-native/Libraries/Image"
  React-RCTLinking:
    :path: "../node_modules/react-native/Libraries/LinkingIOS"
  React-RCTNetwork:
    :path: "../node_modules/react-native/Libraries/Network"
  React-RCTSettings:
    :path: "../node_modules/react-native/Libraries/Settings"
  React-RCTText:
    :path: "../node_modules/react-native/Libraries/Text"
  React-RCTVibration:
    :path: "../node_modules/react-native/Libraries/Vibration"
  React-runtimeexecutor:
    :path: "../node_modules/react-native/ReactCommon/runtimeexecutor"
  ReactCommon:
    :path: "../node_modules/react-native/ReactCommon"
  RNGestureHandler:
    :path: "../node_modules/react-native-gesture-handler"
  RNKeychain:
    :path: "../node_modules/react-native-keychain"
  RNReanimated:
    :path: "../node_modules/react-native-reanimated"
  RNVectorIcons:
    :path: "../node_modules/react-native-vector-icons"
  Yoga:
    :path: "../node_modules/react-native/ReactCommon/yoga"

SPEC CHECKSUMS:
  "@react-native-mapbox-gl-mapbox-static": e247172bc43f47757f47d6cec1b325b1ab3e9287
  boost-for-react-native: 39c7adb57c4e60d6c5479dd8623128eb5b3f0f2c
  BVLinearGradient: e3aad03778a456d77928f594a649e96995f1c872
  CocoaAsyncSocket: 694058e7c0ed05a9e217d1b3c7ded962f4180845
  CocoaLibEvent: 2fab71b8bd46dd33ddb959f7928ec5909f838e3f
  DoubleConversion: cde416483dac037923206447da6e1454df403714
  FBLazyVector: 0cbbfc1eaa9fc461f4d54a30841bc6e5235b439b
  FBReactNativeSpec: 7ac4ffbd81dbdd8ff868711aab816b8e907a8839
  Flipper: be611d4b742d8c87fbae2ca5f44603a02539e365
  Flipper-DoubleConversion: 38631e41ef4f9b12861c67d17cb5518d06badc41
  Flipper-Folly: c12092ea368353b58e992843a990a3225d4533c3
  Flipper-Glog: 1dfd6abf1e922806c52ceb8701a3599a79a200a6
  Flipper-PeerTalk: 116d8f857dc6ef55c7a5a75ea3ceaafe878aadc9
  Flipper-RSocket: 64e7431a55835eb953b0bf984ef3b90ae9fdddd7
  FlipperKit: ab353d41aea8aae2ea6daaf813e67496642f3d7d
  glog: 40a13f7840415b9a77023fbcae0f1e6f43192af3
  Mapbox-iOS-SDK: a5915700ec84bc1a7f8b3e746d474789e35b7956
  MapboxMobileEvents: 2bc0ca2eedb627b73cf403258dce2b2fa98074a6
  OpenSSL-Universal: 8b48cc0d10c1b2923617dfe5c178aa9ed2689355
  RCT-Folly: b39288cedafe50da43317ec7d91bcc8cc0abbf33
  RCTRequired: fbe46d1ceecf9e42e842414207d1a8adef151c3c
  RCTTypeSafety: 3a260dca3f5dd9e45d2bb004f7cb90b07bc76b9c
  React: a1755f82f29616e166adc2b1056705e19121dc76
  React-callinvoker: 9475ce070f8e429379165917c87ec579a0087671
  React-Core: 6004be9a8c487dc128cd3d61ffe5ce5ffb8ff28c
  React-CoreModules: 175489b140fd87da88459ad39cb36ec14513c4af
  React-cxxreact: f8ce97bbe1d96c73a008c82279cebb904aef7f93
  React-jsi: 06ace4fd79154d273e6135f45db1bc1a560d344b
  React-jsiexecutor: 79f853f4ff2b95d08180109744ed8ab05a079022
  React-jsinspector: 90640abe2f2204287da63470d9fc2ef104911af8
  react-native-geolocation: c956aeb136625c23e0dce0467664af2c437888c9
  react-native-mapbox-gl: b2e4cee6a40cb713cd72846c9573cd5bc468c3d5
  react-native-sensitive-info: 50a0db17f996d019fd421793c1aa05c2b6be13de
  react-native-view-shot: 4475fde003fe8a210053d1f98fb9e06c1d834e1c
  React-perflogger: 229f7d057b8c3ad02e53b2d890b2fac7019c6809
  React-RCTActionSheet: 4313a097d0214bfa4142fbcd5d11c451a9c65895
  React-RCTAnimation: 83a575ce470bd5dccc468c306fc848d069452966
  React-RCTBlob: a5f0dbbb676f67f74d80dcecaf1c0d3f891fc666
  React-RCTImage: d306906dbf1c029d209652891217cbe7b347ff52
  React-RCTLinking: 1c69897f13913f09e0e48f02ea530c13b8202fd8
  React-RCTNetwork: 537d3123c3cc0792c9b2aaa102aa9d524999ef8c
  React-RCTSettings: 448b8150926e36276037b2cb24b249806fdfe2ca
  React-RCTText: 5a395321aaca87257bb85edee2ac5766eb58d762
  React-RCTVibration: 80ef107e4dfb77afed6dd7127da36876efcbcf58
  React-runtimeexecutor: 7c93fa6207e304aadeba01a1cb05444a324751ea
  ReactCommon: a0c4cda9a4d8605513ba16dc35798eba042d1e53
  RNGestureHandler: 7a5833d0f788dbd107fbb913e09aa0c1ff333c39
  RNKeychain: b8e0711b959a19c5b057d1e970d3c83d159b6da5
  RNReanimated: dd8c286ab5dd4ba36d3a7fef8bff7e08711b5476
  RNVectorIcons: bc69e6a278b14842063605de32bec61f0b251a59
  Yoga: f1c818731ba6c99a520aeee08b810f4652b488fb
  YogaKit: f782866e155069a2cca2517aafea43200b01fd5a

PODFILE CHECKSUM: fe457fd82c61a9e2874554a762612865a06c52ec

COCOAPODS: 1.9.3
